
Microsoft Visual Studio Solution File, Format Version 12.00
# Visual Studio 14
VisualStudioVersion = 14.0.25123.0
MinimumVisualStudioVersion = 10.0.40219.1
Project("{2150E333-8FDC-42A3-9474-1A3956D46DE8}") = "src", "src", "{D3820E09-B5D8-4398-A1E4-0A8DA7408816}"
EndProject
Project("{2150E333-8FDC-42A3-9474-1A3956D46DE8}") = "Solution Items", "Solution Items", "{4A609099-9588-4290-B2BF-5F5932844280}"
	ProjectSection(SolutionItems) = preProject
		global.json = global.json
		..\Polemo.NetCore.Server\NuGet.config = ..\Polemo.NetCore.Server\NuGet.config
	EndProjectSection
EndProject
Project("{8BB2217D-0F2D-49D1-97BC-3654ED321F3B}") = "Polemo.NetCore.Node", "src\Polemo.NetCore.Node\Polemo.NetCore.Node.xproj", "{06ACE9A8-8591-4507-ABC4-B12EB2EFE828}"
EndProject
Global
	GlobalSection(SolutionConfigurationPlatforms) = preSolution
		Debug|Any CPU = Debug|Any CPU
		Release|Any CPU = Release|Any CPU
	EndGlobalSection
	GlobalSection(ProjectConfigurationPlatforms) = postSolution
		{06ACE9A8-8591-4507-ABC4-B12EB2EFE828}.Debug|Any CPU.ActiveCfg = Debug|Any CPU
		{06ACE9A8-8591-4507-ABC4-B12EB2EFE828}.Debug|Any CPU.Build.0 = Debug|Any CPU
		{06ACE9A8-8591-4507-ABC4-B12EB2EFE828}.Release|Any CPU.ActiveCfg = Release|Any CPU
		{06ACE9A8-8591-4507-ABC4-B12EB2EFE828}.Release|Any CPU.Build.0 = Release|Any CPU
	EndGlobalSection
	GlobalSection(SolutionProperties) = preSolution
		HideSolutionNode = FALSE
	EndGlobalSection
	GlobalSection(NestedProjects) = preSolution
		{06ACE9A8-8591-4507-ABC4-B12EB2EFE828} = {D3820E09-B5D8-4398-A1E4-0A8DA7408816}
	EndGlobalSection
EndGlobal
